// !$*UTF8*$!
{
	archiveVersion = 1;
	classes = {
	};
	objectVersion = 46;
	objects = {

/* Begin PBXBuildFile section */
		D81134B41C52EE1700EE417D /* MovieCellCollection.swift in Sources */ = {isa = PBXBuildFile; fileRef = D81134B31C52EE1700EE417D /* MovieCellCollection.swift */; };
		D8567AAA1C60571F005727CC /* DetailViewController.swift in Sources */ = {isa = PBXBuildFile; fileRef = D8567AA91C60571F005727CC /* DetailViewController.swift */; };
		D8D447FE1C3C55AF00613C37 /* AppDelegate.swift in Sources */ = {isa = PBXBuildFile; fileRef = D8D447FD1C3C55AF00613C37 /* AppDelegate.swift */; };
		D8D448031C3C55AF00613C37 /* Main.storyboard in Resources */ = {isa = PBXBuildFile; fileRef = D8D448011C3C55AF00613C37 /* Main.storyboard */; };
		D8D448051C3C55AF00613C37 /* Assets.xcassets in Resources */ = {isa = PBXBuildFile; fileRef = D8D448041C3C55AF00613C37 /* Assets.xcassets */; };
		D8D448081C3C55AF00613C37 /* LaunchScreen.storyboard in Resources */ = {isa = PBXBuildFile; fileRef = D8D448061C3C55AF00613C37 /* LaunchScreen.storyboard */; };
		D8D448101C3C563000613C37 /* MoviesViewController.swift in Sources */ = {isa = PBXBuildFile; fileRef = D8D4480F1C3C563000613C37 /* MoviesViewController.swift */; };
		D8D448131C3C7E8400613C37 /* MovieCell.swift in Sources */ = {isa = PBXBuildFile; fileRef = D8D448121C3C7E8400613C37 /* MovieCell.swift */; };
		F277553EC95EE8E357EFEA91 /* Pods_Flicks.framework in Frameworks */ = {isa = PBXBuildFile; fileRef = BC8B13128EB33997D005BA41 /* Pods_Flicks.framework */; };
/* End PBXBuildFile section */

/* Begin PBXFileReference section */
		3FFA8EF125B3D1673A4698F0 /* Pods-Flicks.release.xcconfig */ = {isa = PBXFileReference; includeInIndex = 1; lastKnownFileType = text.xcconfig; name = "Pods-Flicks.release.xcconfig"; path = "Pods/Target Support Files/Pods-Flicks/Pods-Flicks.release.xcconfig"; sourceTree = "<group>"; };
		97E444E94A39DCAA2246B446 /* Pods-Flicks.debug.xcconfig */ = {isa = PBXFileReference; includeInIndex = 1; lastKnownFileType = text.xcconfig; name = "Pods-Flicks.debug.xcconfig"; path = "Pods/Target Support Files/Pods-Flicks/Pods-Flicks.debug.xcconfig"; sourceTree = "<group>"; };
		BC8B13128EB33997D005BA41 /* Pods_Flicks.framework */ = {isa = PBXFileReference; explicitFileType = wrapper.framework; includeInIndex = 0; path = Pods_Flicks.framework; sourceTree = BUILT_PRODUCTS_DIR; };
		D81134B31C52EE1700EE417D /* MovieCellCollection.swift */ = {isa = PBXFileReference; fileEncoding = 4; lastKnownFileType = sourcecode.swift; path = MovieCellCollection.swift; sourceTree = "<group>"; };
		D8567AA91C60571F005727CC /* DetailViewController.swift */ = {isa = PBXFileReference; fileEncoding = 4; lastKnownFileType = sourcecode.swift; path = DetailViewController.swift; sourceTree = "<group>"; };
		D8D447FA1C3C55AF00613C37 /* Flicks.app */ = {isa = PBXFileReference; explicitFileType = wrapper.application; includeInIndex = 0; path = Flicks.app; sourceTree = BUILT_PRODUCTS_DIR; };
		D8D447FD1C3C55AF00613C37 /* AppDelegate.swift */ = {isa = PBXFileReference; lastKnownFileType = sourcecode.swift; path = AppDelegate.swift; sourceTree = "<group>"; };
		D8D448021C3C55AF00613C37 /* Base */ = {isa = PBXFileReference; lastKnownFileType = file.storyboard; name = Base; path = Base.lproj/Main.storyboard; sourceTree = "<group>"; };
		D8D448041C3C55AF00613C37 /* Assets.xcassets */ = {isa = PBXFileReference; lastKnownFileType = folder.assetcatalog; path = Assets.xcassets; sourceTree = "<group>"; };
		D8D448071C3C55AF00613C37 /* Base */ = {isa = PBXFileReference; lastKnownFileType = file.storyboard; name = Base; path = Base.lproj/LaunchScreen.storyboard; sourceTree = "<group>"; };
		D8D448091C3C55AF00613C37 /* Info.plist */ = {isa = PBXFileReference; lastKnownFileType = text.plist.xml; path = Info.plist; sourceTree = "<group>"; };
		D8D4480F1C3C563000613C37 /* MoviesViewController.swift */ = {isa = PBXFileReference; fileEncoding = 4; lastKnownFileType = sourcecode.swift; path = MoviesViewController.swift; sourceTree = "<group>"; };
		D8D448121C3C7E8400613C37 /* MovieCell.swift */ = {isa = PBXFileReference; fileEncoding = 4; lastKnownFileType = sourcecode.swift; path = MovieCell.swift; sourceTree = "<group>"; };
/* End PBXFileReference section */

/* Begin PBXFrameworksBuildPhase section */
		D8D447F71C3C55AF00613C37 /* Frameworks */ = {
			isa = PBXFrameworksBuildPhase;
			buildActionMask = 2147483647;
			files = (
				F277553EC95EE8E357EFEA91 /* Pods_Flicks.framework in Frameworks */,
			);
			runOnlyForDeploymentPostprocessing = 0;
		};
/* End PBXFrameworksBuildPhase section */

/* Begin PBXGroup section */
		61A0BD6093F42485AFA9FF6D /* Frameworks */ = {
			isa = PBXGroup;
			children = (
				BC8B13128EB33997D005BA41 /* Pods_Flicks.framework */,
			);
			name = Frameworks;
			sourceTree = "<group>";
		};
		D33AAECB041146227D432FC6 /* Pods */ = {
			isa = PBXGroup;
			children = (
				97E444E94A39DCAA2246B446 /* Pods-Flicks.debug.xcconfig */,
				3FFA8EF125B3D1673A4698F0 /* Pods-Flicks.release.xcconfig */,
			);
			name = Pods;
			sourceTree = "<group>";
		};
		D8D447F11C3C55AF00613C37 = {
			isa = PBXGroup;
			children = (
				D8D447FC1C3C55AF00613C37 /* Flicks */,
				D8D447FB1C3C55AF00613C37 /* Products */,
				D33AAECB041146227D432FC6 /* Pods */,
				61A0BD6093F42485AFA9FF6D /* Frameworks */,
			);
			sourceTree = "<group>";
		};
		D8D447FB1C3C55AF00613C37 /* Products */ = {
			isa = PBXGroup;
			children = (
				D8D447FA1C3C55AF00613C37 /* Flicks.app */,
			);
			name = Products;
			sourceTree = "<group>";
		};
		D8D447FC1C3C55AF00613C37 /* Flicks */ = {
			isa = PBXGroup;
			children = (
				D8D448141C3C7E9600613C37 /* view controllers */,
				D8D448111C3C7E4E00613C37 /* Views */,
				D8D447FD1C3C55AF00613C37 /* AppDelegate.swift */,
				D8D448011C3C55AF00613C37 /* Main.storyboard */,
				D8D448041C3C55AF00613C37 /* Assets.xcassets */,
				D8D448061C3C55AF00613C37 /* LaunchScreen.storyboard */,
				D8D448091C3C55AF00613C37 /* Info.plist */,
			);
			path = Flicks;
			sourceTree = "<group>";
		};
		D8D448111C3C7E4E00613C37 /* Views */ = {
			isa = PBXGroup;
			children = (
				D81134B31C52EE1700EE417D /* MovieCellCollection.swift */,
				D8D448121C3C7E8400613C37 /* MovieCell.swift */,
			);
			name = Views;
			sourceTree = "<group>";
		};
		D8D448141C3C7E9600613C37 /* view controllers */ = {
			isa = PBXGroup;
			children = (
				D8D4480F1C3C563000613C37 /* MoviesViewController.swift */,
				D8567AA91C60571F005727CC /* DetailViewController.swift */,
			);
			name = "view controllers";
			sourceTree = "<group>";
		};
/* End PBXGroup section */

/* Begin PBXNativeTarget section */
		D8D447F91C3C55AF00613C37 /* Flicks */ = {
			isa = PBXNativeTarget;
			buildConfigurationList = D8D4480C1C3C55AF00613C37 /* Build configuration list for PBXNativeTarget "Flicks" */;
			buildPhases = (
				63D1EAED9B7B636460C39622 /* Check Pods Manifest.lock */,
				D8D447F61C3C55AF00613C37 /* Sources */,
				D8D447F71C3C55AF00613C37 /* Frameworks */,
				D8D447F81C3C55AF00613C37 /* Resources */,
				67739779F526219762E07811 /* Embed Pods Frameworks */,
				18CC858E8779DAF190461288 /* Copy Pods Resources */,
			);
			buildRules = (
			);
			dependencies = (
			);
			name = Flicks;
			productName = Flicks;
			productReference = D8D447FA1C3C55AF00613C37 /* Flicks.app */;
			productType = "com.apple.product-type.application";
		};
/* End PBXNativeTarget section */

/* Begin PBXProject section */
		D8D447F21C3C55AF00613C37 /* Project object */ = {
			isa = PBXProject;
			attributes = {
				LastSwiftUpdateCheck = 0720;
				LastUpgradeCheck = 0720;
				ORGANIZATIONNAME = Miraen;
				TargetAttributes = {
					D8D447F91C3C55AF00613C37 = {
						CreatedOnToolsVersion = 7.2;
					};
				};
			};
			buildConfigurationList = D8D447F51C3C55AF00613C37 /* Build configuration list for PBXProject "Flicks" */;
			compatibilityVersion = "Xcode 3.2";
			developmentRegion = English;
			hasScannedForEncodings = 0;
			knownRegions = (
				en,
				Base,
			);
			mainGroup = D8D447F11C3C55AF00613C37;
			productRefGroup = D8D447FB1C3C55AF00613C37 /* Products */;
			projectDirPath = "";
			projectRoot = "";
			targets = (
				D8D447F91C3C55AF00613C37 /* Flicks */,
			);
		};
/* End PBXProject section */

/* Begin PBXResourcesBuildPhase section */
		D8D447F81C3C55AF00613C37 /* Resources */ = {
			isa = PBXResourcesBuildPhase;
			buildActionMask = 2147483647;
			files = (
				D8D448081C3C55AF00613C37 /* LaunchScreen.storyboard in Resources */,
				D8D448051C3C55AF00613C37 /* Assets.xcassets in Resources */,
				D8D448031C3C55AF00613C37 /* Main.storyboard in Resources */,
			);
			runOnlyForDeploymentPostprocessing = 0;
		};
/* End PBXResourcesBuildPhase section */

/* Begin PBXShellScriptBuildPhase section */
		18CC858E8779DAF190461288 /* Copy Pods Resources */ = {
			isa = PBXShellScriptBuildPhase;
			buildActionMask = 2147483647;
			files = (
			);
			inputPaths = (
			);
			name = "Copy Pods Resources";
			outputPaths = (
			);
			runOnlyForDeploymentPostprocessing = 0;
			shellPath = /bin/sh;
			shellScript = "\"${SRCROOT}/Pods/Target Support Files/Pods-Flicks/Pods-Flicks-resources.sh\"\n";
			showEnvVarsInLog = 0;
		};
		63D1EAED9B7B636460C39622 /* Check Pods Manifest.lock */ = {
			isa = PBXShellScriptBuildPhase;
			buildActionMask = 2147483647;
			files = (
			);
			inputPaths = (
			);
			name = "Check Pods Manifest.lock";
			outputPaths = (
			);
			runOnlyForDeploymentPostprocessing = 0;
			shellPath = /bin/sh;
			shellScript = "diff \"${PODS_ROOT}/../Podfile.lock\" \"${PODS_ROOT}/Manifest.lock\" > /dev/null\nif [[ $? != 0 ]] ; then\n    cat << EOM\nerror: The sandbox is not in sync with the Podfile.lock. Run 'pod install' or update your CocoaPods installation.\nEOM\n    exit 1\nfi\n";
			showEnvVarsInLog = 0;
		};
		67739779F526219762E07811 /* Embed Pods Frameworks */ = {
			isa = PBXShellScriptBuildPhase;
			buildActionMask = 2147483647;
			files = (
			);
			inputPaths = (
			);
			name = "Embed Pods Frameworks";
			outputPaths = (
			);
			runOnlyForDeploymentPostprocessing = 0;
			shellPath = /bin/sh;
			shellScript = "\"${SRCROOT}/Pods/Target Support Files/Pods-Flicks/Pods-Flicks-frameworks.sh\"\n";
			showEnvVarsInLog = 0;
		};
/* End PBXShellScriptBuildPhase section */

/* Begin PBXSourcesBuildPhase section */
		D8D447F61C3C55AF00613C37 /* Sources */ = {
			isa = PBXSourcesBuildPhase;
			buildActionMask = 2147483647;
			files = (
				D81134B41C52EE1700EE417D /* MovieCellCollection.swift in Sources */,
				D8D447FE1C3C55AF00613C37 /* AppDelegate.swift in Sources */,
				D8567AAA1C60571F005727CC /* DetailViewController.swift in Sources */,
				D8D448101C3C563000613C37 /* MoviesViewController.swift in Sources */,
				D8D448131C3C7E8400613C37 /* MovieCell.swift in Sources */,
			);
			runOnlyForDeploymentPostprocessing = 0;
		};
/* End PBXSourcesBuildPhase section */

/* Begin PBXVariantGroup section */
		D8D448011C3C55AF00613C37 /* Main.storyboard */ = {
			isa = PBXVariantGroup;
			children = (
				D8D448021C3C55AF00613C37 /* Base */,
			);
			name = Main.storyboard;
			sourceTree = "<group>";
		};
		D8D448061C3C55AF00613C37 /* LaunchScreen.storyboard */ = {
			isa = PBXVariantGroup;
			children = (
				D8D448071C3C55AF00613C37 /* Base */,
			);
			name = LaunchScreen.storyboard;
			sourceTree = "<group>";
		};
/* End PBXVariantGroup section */

/* Begin XCBuildConfiguration section */
		D8D4480A1C3C55AF00613C37 /* Debug */ = {
			isa = XCBuildConfiguration;
			buildSettings = {
				ALWAYS_SEARCH_USER_PATHS = NO;
				CLANG_CXX_LANGUAGE_STANDARD = "gnu++0x";
				CLANG_CXX_LIBRARY = "libc++";
				CLANG_ENABLE_MODULES = YES;
				CLANG_ENABLE_OBJC_ARC = YES;
				CLANG_WARN_BOOL_CONVERSION = YES;
				CLANG_WARN_CONSTANT_CONVERSION = YES;
				CLANG_WARN_DIRECT_OBJC_ISA_USAGE = YES_ERROR;
				CLANG_WARN_EMPTY_BODY = YES;
				CLANG_WARN_ENUM_CONVERSION = YES;
				CLANG_WARN_INT_CONVERSION = YES;
				CLANG_WARN_OBJC_ROOT_CLASS = YES_ERROR;
				CLANG_WARN_UNREACHABLE_CODE = YES;
				CLANG_WARN__DUPLICATE_METHOD_MATCH = YES;
				"CODE_SIGN_IDENTITY[sdk=iphoneos*]" = "iPhone Developer";
				COPY_PHASE_STRIP = NO;
				DEBUG_INFORMATION_FORMAT = dwarf;
				ENABLE_STRICT_OBJC_MSGSEND = YES;
				ENABLE_TESTABILITY = YES;
				GCC_C_LANGUAGE_STANDARD = gnu99;
				GCC_DYNAMIC_NO_PIC = NO;
				GCC_NO_COMMON_BLOCKS = YES;
				GCC_OPTIMIZATION_LEVEL = 0;
				GCC_PREPROCESSOR_DEFINITIONS = (
					"DEBUG=1",
					"$(inherited)",
				);
				GCC_WARN_64_TO_32_BIT_CONVERSION = YES;
				GCC_WARN_ABOUT_RETURN_TYPE = YES_ERROR;
				GCC_WARN_UNDECLARED_SELECTOR = YES;
				GCC_WARN_UNINITIALIZED_AUTOS = YES_AGGRESSIVE;
				GCC_WARN_UNUSED_FUNCTION = YES;
				GCC_WARN_UNUSED_VARIABLE = YES;
				IPHONEOS_DEPLOYMENT_TARGET = 9.2;
				MTL_ENABLE_DEBUG_INFO = YES;
				ONLY_ACTIVE_ARCH = YES;
				SDKROOT = iphoneos;
				SWIFT_OPTIMIZATION_LEVEL = "-Onone";
			};
			name = Debug;
		};
		D8D4480B1C3C55AF00613C37 /* Release */ = {
			isa = XCBuildConfiguration;
			buildSettings = {
				ALWAYS_SEARCH_USER_PATHS = NO;
				CLANG_CXX_LANGUAGE_STANDARD = "gnu++0x";
				CLANG_CXX_LIBRARY = "libc++";
				CLANG_ENABLE_MODULES = YES;
				CLANG_ENABLE_OBJC_ARC = YES;
				CLANG_WARN_BOOL_CONVERSION = YES;
				CLANG_WARN_CONSTANT_CONVERSION = YES;
				CLANG_WARN_DIRECT_OBJC_ISA_USAGE = YES_ERROR;
				CLANG_WARN_EMPTY_BODY = YES;
				CLANG_WARN_ENUM_CONVERSION = YES;
				CLANG_WARN_INT_CONVERSION = YES;
				CLANG_WARN_OBJC_ROOT_CLASS = YES_ERROR;
				CLANG_WARN_UNREACHABLE_CODE = YES;
				CLANG_WARN__DUPLICATE_METHOD_MATCH = YES;
				"CODE_SIGN_IDENTITY[sdk=iphoneos*]" = "iPhone Developer";
				COPY_PHASE_STRIP = NO;
				DEBUG_INFORMATION_FORMAT = "dwarf-with-dsym";
				ENABLE_NS_ASSERTIONS = NO;
				ENABLE_STRICT_OBJC_MSGSEND = YES;
				GCC_C_LANGUAGE_STANDARD = gnu99;
				GCC_NO_COMMON_BLOCKS = YES;
				GCC_WARN_64_TO_32_BIT_CONVERSION = YES;
				GCC_WARN_ABOUT_RETURN_TYPE = YES_ERROR;
				GCC_WARN_UNDECLARED_SELECTOR = YES;
				GCC_WARN_UNINITIALIZED_AUTOS = YES_AGGRESSIVE;
				GCC_WARN_UNUSED_FUNCTION = YES;
				GCC_WARN_UNUSED_VARIABLE = YES;
				IPHONEOS_DEPLOYMENT_TARGET = 9.2;
				MTL_ENABLE_DEBUG_INFO = NO;
				SDKROOT = iphoneos;
				VALIDATE_PRODUCT = YES;
			};
			name = Release;
		};
		D8D4480D1C3C55AF00613C37 /* Debug */ = {
			isa = XCBuildConfiguration;
			baseConfigurationReference = 97E444E94A39DCAA2246B446 /* Pods-Flicks.debug.xcconfig */;
			buildSettings = {
				ASSETCATALOG_COMPILER_APPICON_NAME = AppIcon;
				INFOPLIST_FILE = Flicks/Info.plist;
				LD_RUNPATH_SEARCH_PATHS = "$(inherited) @executable_path/Frameworks";
				PRODUCT_BUNDLE_IDENTIFIER = edu.fordham.nmiranda4.Flicks;
				PRODUCT_NAME = "$(TARGET_NAME)";
			};
			name = Debug;
		};
		D8D4480E1C3C55AF00613C37 /* Release */ = {
			isa = XCBuildConfiguration;
			baseConfigurationReference = 3FFA8EF125B3D1673A4698F0 /* Pods-Flicks.release.xcconfig */;
			buildSettings = {
				ASSETCATALOG_COMPILER_APPICON_NAME = AppIcon;
				INFOPLIST_FILE = Flicks/Info.plist;
				LD_RUNPATH_SEARCH_PATHS = "$(inherited) @executable_path/Frameworks";
				PRODUCT_BUNDLE_IDENTIFIER = edu.fordham.nmiranda4.Flicks;
				PRODUCT_NAME = "$(TARGET_NAME)";
			};
			name = Release;
		};
/* End XCBuildConfiguration section */

/* Begin XCConfigurationList section */
		D8D447F51C3C55AF00613C37 /* Build configuration list for PBXProject "Flicks" */ = {
			isa = XCConfigurationList;
			buildConfigurations = (
				D8D4480A1C3C55AF00613C37 /* Debug */,
				D8D4480B1C3C55AF00613C37 /* Release */,
			);
			defaultConfigurationIsVisible = 0;
			defaultConfigurationName = Release;
		};
		D8D4480C1C3C55AF00613C37 /* Build configuration list for PBXNativeTarget "Flicks" */ = {
			isa = XCConfigurationList;
			buildConfigurations = (
				D8D4480D1C3C55AF00613C37 /* Debug */,
				D8D4480E1C3C55AF00613C37 /* Release */,
			);
			defaultConfigurationIsVisible = 0;
			defaultConfigurationName = Release;
		};
/* End XCConfigurationList section */
	};
	rootObject = D8D447F21C3C55AF00613C37 /* Project object */;
}
